
Microsoft Visual Studio Solution File, Format Version 12.00
# Visual Studio Version 16
VisualStudioVersion = 16.0.32002.261
MinimumVisualStudioVersion = 10.0.40219.1
Project("{FAE04EC0-301F-11D3-BF4B-00C04F79EFBC}") = "MyFirstASPApp", "MyFirstASPApp\MyFirstASPApp.csproj", "{7B530B09-8197-4EC2-AAFA-017D63879A4C}"
EndProject
Global
	GlobalSection(SolutionConfigurationPlatforms) = preSolution
		Debug|Any CPU = Debug|Any CPU
		Release|Any CPU = Release|Any CPU
	EndGlobalSection
	GlobalSection(ProjectConfigurationPlatforms) = postSolution
		{7B530B09-8197-4EC2-AAFA-017D63879A4C}.Debug|Any CPU.ActiveCfg = Debug|Any CPU
		{7B530B09-8197-4EC2-AAFA-017D63879A4C}.Debug|Any CPU.Build.0 = Debug|Any CPU
		{7B530B09-8197-4EC2-AAFA-017D63879A4C}.Release|Any CPU.ActiveCfg = Release|Any CPU
		{7B530B09-8197-4EC2-AAFA-017D63879A4C}.Release|Any CPU.Build.0 = Release|Any CPU
	EndGlobalSection
	GlobalSection(SolutionProperties) = preSolution
		HideSolutionNode = FALSE
	EndGlobalSection
	GlobalSection(ExtensibilityGlobals) = postSolution
		SolutionGuid = {78582342-396D-412A-A5E7-0457F248AF28}
	EndGlobalSection
EndGlobal
